
Microsoft Visual Studio Solution File, Format Version 12.00
# Visual Studio Version 17
VisualStudioVersion = 17.2.32505.173
MinimumVisualStudioVersion = 10.0.40219.1
Project("{FAE04EC0-301F-11D3-BF4B-00C04F79EFBC}") = "1. SDK_Laboratoire1", "1. SDK_Laboratoire1\1. SDK_Laboratoire1.csproj", "{178AAC08-B3F8-4F4A-9BDE-919DA66BA4AD}"
EndProject
Project("{FAE04EC0-301F-11D3-BF4B-00C04F79EFBC}") = "LibrarieConversionNote", "LibrarieConversionNote\LibrarieConversionNote.csproj", "{8598291D-0350-4A65-95CA-B703E3D42FC8}"
EndProject
Global
	GlobalSection(SolutionConfigurationPlatforms) = preSolution
		Debug|Any CPU = Debug|Any CPU
		Release|Any CPU = Release|Any CPU
	EndGlobalSection
	GlobalSection(ProjectConfigurationPlatforms) = postSolution
		{178AAC08-B3F8-4F4A-9BDE-919DA66BA4AD}.Debug|Any CPU.ActiveCfg = Debug|Any CPU
		{178AAC08-B3F8-4F4A-9BDE-919DA66BA4AD}.Debug|Any CPU.Build.0 = Debug|Any CPU
		{178AAC08-B3F8-4F4A-9BDE-919DA66BA4AD}.Release|Any CPU.ActiveCfg = Release|Any CPU
		{178AAC08-B3F8-4F4A-9BDE-919DA66BA4AD}.Release|Any CPU.Build.0 = Release|Any CPU
		{8598291D-0350-4A65-95CA-B703E3D42FC8}.Debug|Any CPU.ActiveCfg = Debug|Any CPU
		{8598291D-0350-4A65-95CA-B703E3D42FC8}.Debug|Any CPU.Build.0 = Debug|Any CPU
		{8598291D-0350-4A65-95CA-B703E3D42FC8}.Release|Any CPU.ActiveCfg = Release|Any CPU
		{8598291D-0350-4A65-95CA-B703E3D42FC8}.Release|Any CPU.Build.0 = Release|Any CPU
	EndGlobalSection
	GlobalSection(SolutionProperties) = preSolution
		HideSolutionNode = FALSE
	EndGlobalSection
	GlobalSection(ExtensibilityGlobals) = postSolution
		SolutionGuid = {A9A9DD53-36B1-47C3-B17B-1610176C252F}
	EndGlobalSection
EndGlobal
